
Microsoft Visual Studio Solution File, Format Version 12.00
# Visual Studio Version 17
VisualStudioVersion = 17.9.34902.65
MinimumVisualStudioVersion = 10.0.40219.1
Project("{FAE04EC0-301F-11D3-BF4B-00C04F79EFBC}") = "text-to-sql", "text-to-sql\text-to-sql.csproj", "{ADAD756B-41D7-4975-9C21-013A8B668C34}"
EndProject
Global
	GlobalSection(SolutionConfigurationPlatforms) = preSolution
		Debug|Any CPU = Debug|Any CPU
		Release|Any CPU = Release|Any CPU
	EndGlobalSection
	GlobalSection(ProjectConfigurationPlatforms) = postSolution
		{ADAD756B-41D7-4975-9C21-013A8B668C34}.Debug|Any CPU.ActiveCfg = Debug|Any CPU
		{ADAD756B-41D7-4975-9C21-013A8B668C34}.Debug|Any CPU.Build.0 = Debug|Any CPU
		{ADAD756B-41D7-4975-9C21-013A8B668C34}.Release|Any CPU.ActiveCfg = Release|Any CPU
		{ADAD756B-41D7-4975-9C21-013A8B668C34}.Release|Any CPU.Build.0 = Release|Any CPU
	EndGlobalSection
	GlobalSection(SolutionProperties) = preSolution
		HideSolutionNode = FALSE
	EndGlobalSection
	GlobalSection(ExtensibilityGlobals) = postSolution
		SolutionGuid = {877F0277-D817-4B34-A775-65C9A2EB2773}
	EndGlobalSection
EndGlobal
